
Microsoft Visual Studio Solution File, Format Version 12.00
# Visual Studio 15
VisualStudioVersion = 15.0.27703.2000
MinimumVisualStudioVersion = 10.0.40219.1
Project("{8BC9CEB8-8B4A-11D0-8D11-00A0C91BC942}") = "NISwGSP", "NISwGSP\NISwGSP.vcxproj", "{2093B658-8641-48BA-B2C4-065B5040001E}"
EndProject
Global
	GlobalSection(SolutionConfigurationPlatforms) = preSolution
		Debug|x64 = Debug|x64
		Debug|x86 = Debug|x86
		Release|x64 = Release|x64
		Release|x86 = Release|x86
	EndGlobalSection
	GlobalSection(ProjectConfigurationPlatforms) = postSolution
		{2093B658-8641-48BA-B2C4-065B5040001E}.Debug|x64.ActiveCfg = Debug|x64
		{2093B658-8641-48BA-B2C4-065B5040001E}.Debug|x64.Build.0 = Debug|x64
		{2093B658-8641-48BA-B2C4-065B5040001E}.Debug|x86.ActiveCfg = Debug|Win32
		{2093B658-8641-48BA-B2C4-065B5040001E}.Debug|x86.Build.0 = Debug|Win32
		{2093B658-8641-48BA-B2C4-065B5040001E}.Release|x64.ActiveCfg = Release|x64
		{2093B658-8641-48BA-B2C4-065B5040001E}.Release|x64.Build.0 = Release|x64
		{2093B658-8641-48BA-B2C4-065B5040001E}.Release|x86.ActiveCfg = Release|Win32
		{2093B658-8641-48BA-B2C4-065B5040001E}.Release|x86.Build.0 = Release|Win32
	EndGlobalSection
	GlobalSection(SolutionProperties) = preSolution
		HideSolutionNode = FALSE
	EndGlobalSection
	GlobalSection(ExtensibilityGlobals) = postSolution
		SolutionGuid = {342F1E03-5F58-4BF9-87C8-216A563E7621}
	EndGlobalSection
EndGlobal
